<?xml version="1.0" encoding="utf-8"?>
<Project ToolsVersion="4.0" xmlns="http://schemas.microsoft.com/developer/msbuild/2003">
  <ItemGroup>
    <Filter Include="Файлы исходного кода">
      <UniqueIdentifier>{4FC737F1-C7A5-4376-A066-2A32D752A2FF}</UniqueIdentifier>
      <Extensions>cpp;c;cc;cxx;def;odl;idl;hpj;bat;asm;asmx</Extensions>
    </Filter>
    <Filter Include="Заголовочные файлы">
      <UniqueIdentifier>{93995380-89BD-4b04-88EB-625FBE52EBFB}</UniqueIdentifier>
      <Extensions>h;hh;hpp;hxx;hm;inl;inc;xsd</Extensions>
    </Filter>
    <Filter Include="Файлы ресурсов">
      <UniqueIdentifier>{67DA6AB6-F800-4c08-8B7A-83BB121AAD01}</UniqueIdentifier>
      <Extensions>rc;ico;cur;bmp;dlg;rc2;rct;bin;rgs;gif;jpg;jpeg;jpe;resx;tiff;tif;png;wav;mfcribbon-ms</Extensions>
    </Filter>
  </ItemGroup>
  <ItemGroup>
    <None Include="U8GLIB_Test.ino" />
  </ItemGroup>
  <ItemGroup>
    <ClInclude Include="__vm\.U8GLIB_Test.vsarduino.h">
      <Filter>Заголовочные файлы</Filter>
    </ClInclude>
    <ClInclude Include="my5x7rus.h">
      <Filter>Заголовочные файлы</Filter>
    </ClInclude>
    <ClInclude Include="u8g.h">
      <Filter>Заголовочные файлы</Filter>
    </ClInclude>
  </ItemGroup>
  <ItemGroup>
    <ClCompile Include="myfont.c">
      <Filter>Файлы исходного кода</Filter>
    </ClCompile>
    <ClCompile Include="u8g_font.cpp">
      <Filter>Файлы исходного кода</Filter>
    </ClCompile>
    <ClCompile Include="u8g_font_10x20.c">
      <Filter>Файлы исходного кода</Filter>
    </ClCompile>
    <ClCompile Include="u8g_font_4x6.c">
      <Filter>Файлы исходного кода</Filter>
    </ClCompile>
    <ClCompile Include="u8g_font_5x8.c">
      <Filter>Файлы исходного кода</Filter>
    </ClCompile>
    <ClCompile Include="u8g_font_6x10.c">
      <Filter>Файлы исходного кода</Filter>
    </ClCompile>
    <ClCompile Include="u8g_font_6x12.c">
      <Filter>Файлы исходного кода</Filter>
    </ClCompile>
    <ClCompile Include="u8g_font_8x13.c">
      <Filter>Файлы исходного кода</Filter>
    </ClCompile>
    <ClCompile Include="u8g_font_8x13B.c">
      <Filter>Файлы исходного кода</Filter>
    </ClCompile>
    <ClCompile Include="u8g_font_8x13O.c">
      <Filter>Файлы исходного кода</Filter>
    </ClCompile>
    <ClCompile Include="u8g_font_9x15.c">
      <Filter>Файлы исходного кода</Filter>
    </ClCompile>
    <ClCompile Include="u8g_font_9x15B.c">
      <Filter>Файлы исходного кода</Filter>
    </ClCompile>
    <ClCompile Include="u8g_font_9x18.c">
      <Filter>Файлы исходного кода</Filter>
    </ClCompile>
    <ClCompile Include="u8g_font_9x18B.c">
      <Filter>Файлы исходного кода</Filter>
    </ClCompile>
    <ClCompile Include="u8g_font_data.cpp">
      <Filter>Файлы исходного кода</Filter>
    </ClCompile>
  </ItemGroup>
</Project>